
Microsoft Visual Studio Solution File, Format Version 12.00
# Visual Studio Version 17
VisualStudioVersion = 17.10.35027.167
MinimumVisualStudioVersion = 10.0.40219.1
Project("{FAE04EC0-301F-11D3-BF4B-00C04F79EFBC}") = "LibraryLooker", "LibraryLooker\LibraryLooker.csproj", "{7CCAB534-0A0A-4991-B1F8-696600D98ADC}"
EndProject
Global
	GlobalSection(SolutionConfigurationPlatforms) = preSolution
		Debug|Any CPU = Debug|Any CPU
		Release|Any CPU = Release|Any CPU
	EndGlobalSection
	GlobalSection(ProjectConfigurationPlatforms) = postSolution
		{7CCAB534-0A0A-4991-B1F8-696600D98ADC}.Debug|Any CPU.ActiveCfg = Debug|Any CPU
		{7CCAB534-0A0A-4991-B1F8-696600D98ADC}.Debug|Any CPU.Build.0 = Debug|Any CPU
		{7CCAB534-0A0A-4991-B1F8-696600D98ADC}.Release|Any CPU.ActiveCfg = Release|Any CPU
		{7CCAB534-0A0A-4991-B1F8-696600D98ADC}.Release|Any CPU.Build.0 = Release|Any CPU
	EndGlobalSection
	GlobalSection(SolutionProperties) = preSolution
		HideSolutionNode = FALSE
	EndGlobalSection
	GlobalSection(ExtensibilityGlobals) = postSolution
		SolutionGuid = {5A7AB0F7-4F60-4514-81AA-0625B5ABF528}
	EndGlobalSection
EndGlobal
