
Microsoft Visual Studio Solution File, Format Version 12.00
# Visual Studio Version 17
VisualStudioVersion = 17.14.36121.58 d17.14
MinimumVisualStudioVersion = 10.0.40219.1
Project("{FAE04EC0-301F-11D3-BF4B-00C04F79EFBC}") = "WinComposeHTML", "WinComposeHTML.csproj", "{E5FEFCAD-A880-432E-81FB-91AACD1AB525}"
EndProject
Global
	GlobalSection(SolutionConfigurationPlatforms) = preSolution
		Debug|Any CPU = Debug|Any CPU
		Release|Any CPU = Release|Any CPU
	EndGlobalSection
	GlobalSection(ProjectConfigurationPlatforms) = postSolution
		{E5FEFCAD-A880-432E-81FB-91AACD1AB525}.Debug|Any CPU.ActiveCfg = Debug|Any CPU
		{E5FEFCAD-A880-432E-81FB-91AACD1AB525}.Debug|Any CPU.Build.0 = Debug|Any CPU
		{E5FEFCAD-A880-432E-81FB-91AACD1AB525}.Release|Any CPU.ActiveCfg = Release|Any CPU
		{E5FEFCAD-A880-432E-81FB-91AACD1AB525}.Release|Any CPU.Build.0 = Release|Any CPU
	EndGlobalSection
	GlobalSection(SolutionProperties) = preSolution
		HideSolutionNode = FALSE
	EndGlobalSection
	GlobalSection(ExtensibilityGlobals) = postSolution
		SolutionGuid = {916010B0-9729-4A5B-932A-70095B35913A}
	EndGlobalSection
EndGlobal
